
Microsoft Visual Studio Solution File, Format Version 12.00
# Visual Studio Version 16
VisualStudioVersion = 16.0.30413.136
MinimumVisualStudioVersion = 10.0.40219.1
Project("{FAE04EC0-301F-11D3-BF4B-00C04F79EFBC}") = "Tiora", "Tiora\Tiora.csproj", "{AAB30F12-D625-4338-81A7-A8C8A6D04ED5}"
EndProject
Global
	GlobalSection(SolutionConfigurationPlatforms) = preSolution
		Debug|Any CPU = Debug|Any CPU
		Release|Any CPU = Release|Any CPU
	EndGlobalSection
	GlobalSection(ProjectConfigurationPlatforms) = postSolution
		{AAB30F12-D625-4338-81A7-A8C8A6D04ED5}.Debug|Any CPU.ActiveCfg = Debug|Any CPU
		{AAB30F12-D625-4338-81A7-A8C8A6D04ED5}.Debug|Any CPU.Build.0 = Debug|Any CPU
		{AAB30F12-D625-4338-81A7-A8C8A6D04ED5}.Release|Any CPU.ActiveCfg = Release|Any CPU
		{AAB30F12-D625-4338-81A7-A8C8A6D04ED5}.Release|Any CPU.Build.0 = Release|Any CPU
	EndGlobalSection
	GlobalSection(SolutionProperties) = preSolution
		HideSolutionNode = FALSE
	EndGlobalSection
	GlobalSection(ExtensibilityGlobals) = postSolution
		SolutionGuid = {75DDE658-1665-4805-8642-91B963129AB5}
	EndGlobalSection
EndGlobal
